// !$*UTF8*$!
{
	archiveVersion = 1;
	classes = {
	};
	objectVersion = 48;
	objects = {

/* Begin PBXBuildFile section */
		7D68AE761FE8AA780013E015 /* FromBottomAnimator.swift in Sources */ = {isa = PBXBuildFile; fileRef = 7D68AE751FE8AA780013E015 /* FromBottomAnimator.swift */; };
		7DD3746F1FE37C2E00E0EC2A /* AppDelegate.swift in Sources */ = {isa = PBXBuildFile; fileRef = 7DD3746E1FE37C2E00E0EC2A /* AppDelegate.swift */; };
		7DD374741FE37C2E00E0EC2A /* Main.storyboard in Resources */ = {isa = PBXBuildFile; fileRef = 7DD374721FE37C2E00E0EC2A /* Main.storyboard */; };
		7DD374761FE37C2E00E0EC2A /* Assets.xcassets in Resources */ = {isa = PBXBuildFile; fileRef = 7DD374751FE37C2E00E0EC2A /* Assets.xcassets */; };
		7DD374791FE37C2E00E0EC2A /* LaunchScreen.storyboard in Resources */ = {isa = PBXBuildFile; fileRef = 7DD374771FE37C2E00E0EC2A /* LaunchScreen.storyboard */; };
		7DF285C91FEA7CD800A60D28 /* Choice.plist in Resources */ = {isa = PBXBuildFile; fileRef = 7DF285C81FEA7CD800A60D28 /* Choice.plist */; };
		7DF285DE1FEA7E2400A60D28 /* PubChoiceCollectionCell.xib in Resources */ = {isa = PBXBuildFile; fileRef = 7DF285CB1FEA7E2400A60D28 /* PubChoiceCollectionCell.xib */; };
		7DF285DF1FEA7E2400A60D28 /* ChoiceItemCell.swift in Sources */ = {isa = PBXBuildFile; fileRef = 7DF285CC1FEA7E2400A60D28 /* ChoiceItemCell.swift */; };
		7DF285E01FEA7E2400A60D28 /* PubPickerViewCell.swift in Sources */ = {isa = PBXBuildFile; fileRef = 7DF285CD1FEA7E2400A60D28 /* PubPickerViewCell.swift */; };
		7DF285E11FEA7E2400A60D28 /* ChoiceItemCell.xib in Resources */ = {isa = PBXBuildFile; fileRef = 7DF285CE1FEA7E2400A60D28 /* ChoiceItemCell.xib */; };
		7DF285E21FEA7E2400A60D28 /* PubChoiceCollectionCell.swift in Sources */ = {isa = PBXBuildFile; fileRef = 7DF285CF1FEA7E2400A60D28 /* PubChoiceCollectionCell.swift */; };
		7DF285E31FEA7E2400A60D28 /* PubInfoCollectionCell.swift in Sources */ = {isa = PBXBuildFile; fileRef = 7DF285D01FEA7E2400A60D28 /* PubInfoCollectionCell.swift */; };
		7DF285E41FEA7E2400A60D28 /* PubInfoCollectionCell.xib in Resources */ = {isa = PBXBuildFile; fileRef = 7DF285D11FEA7E2400A60D28 /* PubInfoCollectionCell.xib */; };
		7DF285E51FEA7E2400A60D28 /* PubPickerViewCell.xib in Resources */ = {isa = PBXBuildFile; fileRef = 7DF285D21FEA7E2400A60D28 /* PubPickerViewCell.xib */; };
		7DF285E61FEA7E2400A60D28 /* WJDatePickerView.swift in Sources */ = {isa = PBXBuildFile; fileRef = 7DF285D41FEA7E2400A60D28 /* WJDatePickerView.swift */; };
		7DF285E71FEA7E2400A60D28 /* WJPickerView.swift in Sources */ = {isa = PBXBuildFile; fileRef = 7DF285D51FEA7E2400A60D28 /* WJPickerView.swift */; };
		7DF285E81FEA7E2400A60D28 /* ChoiceModel.swift in Sources */ = {isa = PBXBuildFile; fileRef = 7DF285D61FEA7E2400A60D28 /* ChoiceModel.swift */; };
		7DF285E91FEA7E2400A60D28 /* PickerInfoController.swift in Sources */ = {isa = PBXBuildFile; fileRef = 7DF285D81FEA7E2400A60D28 /* PickerInfoController.swift */; };
		7DF285EA1FEA7E2400A60D28 /* Pub_RentingVC.swift in Sources */ = {isa = PBXBuildFile; fileRef = 7DF285D91FEA7E2400A60D28 /* Pub_RentingVC.swift */; };
		7DF285EB1FEA7E2400A60D28 /* ChoiceInfoCollectionVC.swift in Sources */ = {isa = PBXBuildFile; fileRef = 7DF285DA1FEA7E2400A60D28 /* ChoiceInfoCollectionVC.swift */; };
		7DF285EC1FEA7E2400A60D28 /* PickerVC.swift in Sources */ = {isa = PBXBuildFile; fileRef = 7DF285DB1FEA7E2400A60D28 /* PickerVC.swift */; };
		7DF285F11FEA7E6000A60D28 /* ChoiceInfoCell.xib in Resources */ = {isa = PBXBuildFile; fileRef = 7DF285EF1FEA7E6000A60D28 /* ChoiceInfoCell.xib */; };
		7DF285F21FEA7E6000A60D28 /* ChoiceInfoCell.swift in Sources */ = {isa = PBXBuildFile; fileRef = 7DF285F01FEA7E6000A60D28 /* ChoiceInfoCell.swift */; };
/* End PBXBuildFile section */

/* Begin PBXFileReference section */
		7D68AE751FE8AA780013E015 /* FromBottomAnimator.swift */ = {isa = PBXFileReference; fileEncoding = 4; lastKnownFileType = sourcecode.swift; path = FromBottomAnimator.swift; sourceTree = "<group>"; };
		7DD3746B1FE37C2E00E0EC2A /* CollectionSelected.app */ = {isa = PBXFileReference; explicitFileType = wrapper.application; includeInIndex = 0; path = CollectionSelected.app; sourceTree = BUILT_PRODUCTS_DIR; };
		7DD3746E1FE37C2E00E0EC2A /* AppDelegate.swift */ = {isa = PBXFileReference; lastKnownFileType = sourcecode.swift; path = AppDelegate.swift; sourceTree = "<group>"; };
		7DD374731FE37C2E00E0EC2A /* Base */ = {isa = PBXFileReference; lastKnownFileType = file.storyboard; name = Base; path = Base.lproj/Main.storyboard; sourceTree = "<group>"; };
		7DD374751FE37C2E00E0EC2A /* Assets.xcassets */ = {isa = PBXFileReference; lastKnownFileType = folder.assetcatalog; path = Assets.xcassets; sourceTree = "<group>"; };
		7DD374781FE37C2E00E0EC2A /* Base */ = {isa = PBXFileReference; lastKnownFileType = file.storyboard; name = Base; path = Base.lproj/LaunchScreen.storyboard; sourceTree = "<group>"; };
		7DD3747A1FE37C2E00E0EC2A /* Info.plist */ = {isa = PBXFileReference; lastKnownFileType = text.plist.xml; path = Info.plist; sourceTree = "<group>"; };
		7DF285C81FEA7CD800A60D28 /* Choice.plist */ = {isa = PBXFileReference; fileEncoding = 4; lastKnownFileType = text.plist.xml; path = Choice.plist; sourceTree = "<group>"; };
		7DF285CB1FEA7E2400A60D28 /* PubChoiceCollectionCell.xib */ = {isa = PBXFileReference; fileEncoding = 4; lastKnownFileType = file.xib; path = PubChoiceCollectionCell.xib; sourceTree = "<group>"; };
		7DF285CC1FEA7E2400A60D28 /* ChoiceItemCell.swift */ = {isa = PBXFileReference; fileEncoding = 4; lastKnownFileType = sourcecode.swift; path = ChoiceItemCell.swift; sourceTree = "<group>"; };
		7DF285CD1FEA7E2400A60D28 /* PubPickerViewCell.swift */ = {isa = PBXFileReference; fileEncoding = 4; lastKnownFileType = sourcecode.swift; path = PubPickerViewCell.swift; sourceTree = "<group>"; };
		7DF285CE1FEA7E2400A60D28 /* ChoiceItemCell.xib */ = {isa = PBXFileReference; fileEncoding = 4; lastKnownFileType = file.xib; path = ChoiceItemCell.xib; sourceTree = "<group>"; };
		7DF285CF1FEA7E2400A60D28 /* PubChoiceCollectionCell.swift */ = {isa = PBXFileReference; fileEncoding = 4; lastKnownFileType = sourcecode.swift; path = PubChoiceCollectionCell.swift; sourceTree = "<group>"; };
		7DF285D01FEA7E2400A60D28 /* PubInfoCollectionCell.swift */ = {isa = PBXFileReference; fileEncoding = 4; lastKnownFileType = sourcecode.swift; path = PubInfoCollectionCell.swift; sourceTree = "<group>"; };
		7DF285D11FEA7E2400A60D28 /* PubInfoCollectionCell.xib */ = {isa = PBXFileReference; fileEncoding = 4; lastKnownFileType = file.xib; path = PubInfoCollectionCell.xib; sourceTree = "<group>"; };
		7DF285D21FEA7E2400A60D28 /* PubPickerViewCell.xib */ = {isa = PBXFileReference; fileEncoding = 4; lastKnownFileType = file.xib; path = PubPickerViewCell.xib; sourceTree = "<group>"; };
		7DF285D41FEA7E2400A60D28 /* WJDatePickerView.swift */ = {isa = PBXFileReference; fileEncoding = 4; lastKnownFileType = sourcecode.swift; path = WJDatePickerView.swift; sourceTree = "<group>"; };
		7DF285D51FEA7E2400A60D28 /* WJPickerView.swift */ = {isa = PBXFileReference; fileEncoding = 4; lastKnownFileType = sourcecode.swift; path = WJPickerView.swift; sourceTree = "<group>"; };
		7DF285D61FEA7E2400A60D28 /* ChoiceModel.swift */ = {isa = PBXFileReference; fileEncoding = 4; lastKnownFileType = sourcecode.swift; path = ChoiceModel.swift; sourceTree = "<group>"; };
		7DF285D81FEA7E2400A60D28 /* PickerInfoController.swift */ = {isa = PBXFileReference; fileEncoding = 4; lastKnownFileType = sourcecode.swift; path = PickerInfoController.swift; sourceTree = "<group>"; };
		7DF285D91FEA7E2400A60D28 /* Pub_RentingVC.swift */ = {isa = PBXFileReference; fileEncoding = 4; lastKnownFileType = sourcecode.swift; path = Pub_RentingVC.swift; sourceTree = "<group>"; };
		7DF285DA1FEA7E2400A60D28 /* ChoiceInfoCollectionVC.swift */ = {isa = PBXFileReference; fileEncoding = 4; lastKnownFileType = sourcecode.swift; path = ChoiceInfoCollectionVC.swift; sourceTree = "<group>"; };
		7DF285DB1FEA7E2400A60D28 /* PickerVC.swift */ = {isa = PBXFileReference; fileEncoding = 4; lastKnownFileType = sourcecode.swift; path = PickerVC.swift; sourceTree = "<group>"; };
		7DF285EF1FEA7E6000A60D28 /* ChoiceInfoCell.xib */ = {isa = PBXFileReference; fileEncoding = 4; lastKnownFileType = file.xib; path = ChoiceInfoCell.xib; sourceTree = "<group>"; };
		7DF285F01FEA7E6000A60D28 /* ChoiceInfoCell.swift */ = {isa = PBXFileReference; fileEncoding = 4; lastKnownFileType = sourcecode.swift; path = ChoiceInfoCell.swift; sourceTree = "<group>"; };
/* End PBXFileReference section */

/* Begin PBXFrameworksBuildPhase section */
		7DD374681FE37C2E00E0EC2A /* Frameworks */ = {
			isa = PBXFrameworksBuildPhase;
			buildActionMask = 2147483647;
			files = (
			);
			runOnlyForDeploymentPostprocessing = 0;
		};
/* End PBXFrameworksBuildPhase section */

/* Begin PBXGroup section */
		7DD374621FE37C2E00E0EC2A = {
			isa = PBXGroup;
			children = (
				7DD3746D1FE37C2E00E0EC2A /* CollectionSelected */,
				7DD3746C1FE37C2E00E0EC2A /* Products */,
			);
			sourceTree = "<group>";
		};
		7DD3746C1FE37C2E00E0EC2A /* Products */ = {
			isa = PBXGroup;
			children = (
				7DD3746B1FE37C2E00E0EC2A /* CollectionSelected.app */,
			);
			name = Products;
			sourceTree = "<group>";
		};
		7DD3746D1FE37C2E00E0EC2A /* CollectionSelected */ = {
			isa = PBXGroup;
			children = (
				7DF285D61FEA7E2400A60D28 /* ChoiceModel.swift */,
				7DF285D71FEA7E2400A60D28 /* Controllers */,
				7DF285D31FEA7E2400A60D28 /* PickerViews */,
				7DF285CA1FEA7E2400A60D28 /* Views */,
				7DD3746E1FE37C2E00E0EC2A /* AppDelegate.swift */,
				7DD374721FE37C2E00E0EC2A /* Main.storyboard */,
				7D68AE751FE8AA780013E015 /* FromBottomAnimator.swift */,
				7DF285C81FEA7CD800A60D28 /* Choice.plist */,
				7DD374751FE37C2E00E0EC2A /* Assets.xcassets */,
				7DD374771FE37C2E00E0EC2A /* LaunchScreen.storyboard */,
				7DD3747A1FE37C2E00E0EC2A /* Info.plist */,
			);
			path = CollectionSelected;
			sourceTree = "<group>";
		};
		7DF285CA1FEA7E2400A60D28 /* Views */ = {
			isa = PBXGroup;
			children = (
				7DF285F01FEA7E6000A60D28 /* ChoiceInfoCell.swift */,
				7DF285EF1FEA7E6000A60D28 /* ChoiceInfoCell.xib */,
				7DF285CC1FEA7E2400A60D28 /* ChoiceItemCell.swift */,
				7DF285CE1FEA7E2400A60D28 /* ChoiceItemCell.xib */,
				7DF285CD1FEA7E2400A60D28 /* PubPickerViewCell.swift */,
				7DF285D21FEA7E2400A60D28 /* PubPickerViewCell.xib */,
				7DF285CF1FEA7E2400A60D28 /* PubChoiceCollectionCell.swift */,
				7DF285CB1FEA7E2400A60D28 /* PubChoiceCollectionCell.xib */,
				7DF285D01FEA7E2400A60D28 /* PubInfoCollectionCell.swift */,
				7DF285D11FEA7E2400A60D28 /* PubInfoCollectionCell.xib */,
			);
			path = Views;
			sourceTree = "<group>";
		};
		7DF285D31FEA7E2400A60D28 /* PickerViews */ = {
			isa = PBXGroup;
			children = (
				7DF285D41FEA7E2400A60D28 /* WJDatePickerView.swift */,
				7DF285D51FEA7E2400A60D28 /* WJPickerView.swift */,
			);
			path = PickerViews;
			sourceTree = "<group>";
		};
		7DF285D71FEA7E2400A60D28 /* Controllers */ = {
			isa = PBXGroup;
			children = (
				7DF285D81FEA7E2400A60D28 /* PickerInfoController.swift */,
				7DF285D91FEA7E2400A60D28 /* Pub_RentingVC.swift */,
				7DF285DA1FEA7E2400A60D28 /* ChoiceInfoCollectionVC.swift */,
				7DF285DB1FEA7E2400A60D28 /* PickerVC.swift */,
			);
			path = Controllers;
			sourceTree = "<group>";
		};
/* End PBXGroup section */

/* Begin PBXNativeTarget section */
		7DD3746A1FE37C2E00E0EC2A /* CollectionSelected */ = {
			isa = PBXNativeTarget;
			buildConfigurationList = 7DD3747D1FE37C2E00E0EC2A /* Build configuration list for PBXNativeTarget "CollectionSelected" */;
			buildPhases = (
				7DD374671FE37C2E00E0EC2A /* Sources */,
				7DD374681FE37C2E00E0EC2A /* Frameworks */,
				7DD374691FE37C2E00E0EC2A /* Resources */,
			);
			buildRules = (
			);
			dependencies = (
			);
			name = CollectionSelected;
			productName = CollectionSelected;
			productReference = 7DD3746B1FE37C2E00E0EC2A /* CollectionSelected.app */;
			productType = "com.apple.product-type.application";
		};
/* End PBXNativeTarget section */

/* Begin PBXProject section */
		7DD374631FE37C2E00E0EC2A /* Project object */ = {
			isa = PBXProject;
			attributes = {
				LastSwiftUpdateCheck = 0920;
				LastUpgradeCheck = 0920;
				ORGANIZATIONNAME = wjq;
				TargetAttributes = {
					7DD3746A1FE37C2E00E0EC2A = {
						CreatedOnToolsVersion = 9.2;
						ProvisioningStyle = Automatic;
					};
				};
			};
			buildConfigurationList = 7DD374661FE37C2E00E0EC2A /* Build configuration list for PBXProject "CollectionSelected" */;
			compatibilityVersion = "Xcode 8.0";
			developmentRegion = en;
			hasScannedForEncodings = 0;
			knownRegions = (
				en,
				Base,
			);
			mainGroup = 7DD374621FE37C2E00E0EC2A;
			productRefGroup = 7DD3746C1FE37C2E00E0EC2A /* Products */;
			projectDirPath = "";
			projectRoot = "";
			targets = (
				7DD3746A1FE37C2E00E0EC2A /* CollectionSelected */,
			);
		};
/* End PBXProject section */

/* Begin PBXResourcesBuildPhase section */
		7DD374691FE37C2E00E0EC2A /* Resources */ = {
			isa = PBXResourcesBuildPhase;
			buildActionMask = 2147483647;
			files = (
				7DD374791FE37C2E00E0EC2A /* LaunchScreen.storyboard in Resources */,
				7DF285E11FEA7E2400A60D28 /* ChoiceItemCell.xib in Resources */,
				7DF285DE1FEA7E2400A60D28 /* PubChoiceCollectionCell.xib in Resources */,
				7DF285F11FEA7E6000A60D28 /* ChoiceInfoCell.xib in Resources */,
				7DF285E41FEA7E2400A60D28 /* PubInfoCollectionCell.xib in Resources */,
				7DF285C91FEA7CD800A60D28 /* Choice.plist in Resources */,
				7DD374761FE37C2E00E0EC2A /* Assets.xcassets in Resources */,
				7DF285E51FEA7E2400A60D28 /* PubPickerViewCell.xib in Resources */,
				7DD374741FE37C2E00E0EC2A /* Main.storyboard in Resources */,
			);
			runOnlyForDeploymentPostprocessing = 0;
		};
/* End PBXResourcesBuildPhase section */

/* Begin PBXSourcesBuildPhase section */
		7DD374671FE37C2E00E0EC2A /* Sources */ = {
			isa = PBXSourcesBuildPhase;
			buildActionMask = 2147483647;
			files = (
				7DF285F21FEA7E6000A60D28 /* ChoiceInfoCell.swift in Sources */,
				7D68AE761FE8AA780013E015 /* FromBottomAnimator.swift in Sources */,
				7DF285DF1FEA7E2400A60D28 /* ChoiceItemCell.swift in Sources */,
				7DF285EC1FEA7E2400A60D28 /* PickerVC.swift in Sources */,
				7DF285E81FEA7E2400A60D28 /* ChoiceModel.swift in Sources */,
				7DF285E01FEA7E2400A60D28 /* PubPickerViewCell.swift in Sources */,
				7DF285E31FEA7E2400A60D28 /* PubInfoCollectionCell.swift in Sources */,
				7DF285E61FEA7E2400A60D28 /* WJDatePickerView.swift in Sources */,
				7DF285E21FEA7E2400A60D28 /* PubChoiceCollectionCell.swift in Sources */,
				7DF285E91FEA7E2400A60D28 /* PickerInfoController.swift in Sources */,
				7DD3746F1FE37C2E00E0EC2A /* AppDelegate.swift in Sources */,
				7DF285E71FEA7E2400A60D28 /* WJPickerView.swift in Sources */,
				7DF285EA1FEA7E2400A60D28 /* Pub_RentingVC.swift in Sources */,
				7DF285EB1FEA7E2400A60D28 /* ChoiceInfoCollectionVC.swift in Sources */,
			);
			runOnlyForDeploymentPostprocessing = 0;
		};
/* End PBXSourcesBuildPhase section */

/* Begin PBXVariantGroup section */
		7DD374721FE37C2E00E0EC2A /* Main.storyboard */ = {
			isa = PBXVariantGroup;
			children = (
				7DD374731FE37C2E00E0EC2A /* Base */,
			);
			name = Main.storyboard;
			sourceTree = "<group>";
		};
		7DD374771FE37C2E00E0EC2A /* LaunchScreen.storyboard */ = {
			isa = PBXVariantGroup;
			children = (
				7DD374781FE37C2E00E0EC2A /* Base */,
			);
			name = LaunchScreen.storyboard;
			sourceTree = "<group>";
		};
/* End PBXVariantGroup section */

/* Begin XCBuildConfiguration section */
		7DD3747B1FE37C2E00E0EC2A /* Debug */ = {
			isa = XCBuildConfiguration;
			buildSettings = {
				ALWAYS_SEARCH_USER_PATHS = NO;
				CLANG_ANALYZER_NONNULL = YES;
				CLANG_ANALYZER_NUMBER_OBJECT_CONVERSION = YES_AGGRESSIVE;
				CLANG_CXX_LANGUAGE_STANDARD = "gnu++14";
				CLANG_CXX_LIBRARY = "libc++";
				CLANG_ENABLE_MODULES = YES;
				CLANG_ENABLE_OBJC_ARC = YES;
				CLANG_WARN_BLOCK_CAPTURE_AUTORELEASING = YES;
				CLANG_WARN_BOOL_CONVERSION = YES;
				CLANG_WARN_COMMA = YES;
				CLANG_WARN_CONSTANT_CONVERSION = YES;
				CLANG_WARN_DIRECT_OBJC_ISA_USAGE = YES_ERROR;
				CLANG_WARN_DOCUMENTATION_COMMENTS = YES;
				CLANG_WARN_EMPTY_BODY = YES;
				CLANG_WARN_ENUM_CONVERSION = YES;
				CLANG_WARN_INFINITE_RECURSION = YES;
				CLANG_WARN_INT_CONVERSION = YES;
				CLANG_WARN_NON_LITERAL_NULL_CONVERSION = YES;
				CLANG_WARN_OBJC_LITERAL_CONVERSION = YES;
				CLANG_WARN_OBJC_ROOT_CLASS = YES_ERROR;
				CLANG_WARN_RANGE_LOOP_ANALYSIS = YES;
				CLANG_WARN_STRICT_PROTOTYPES = YES;
				CLANG_WARN_SUSPICIOUS_MOVE = YES;
				CLANG_WARN_UNGUARDED_AVAILABILITY = YES_AGGRESSIVE;
				CLANG_WARN_UNREACHABLE_CODE = YES;
				CLANG_WARN__DUPLICATE_METHOD_MATCH = YES;
				CODE_SIGN_IDENTITY = "iPhone Developer";
				COPY_PHASE_STRIP = NO;
				DEBUG_INFORMATION_FORMAT = dwarf;
				ENABLE_STRICT_OBJC_MSGSEND = YES;
				ENABLE_TESTABILITY = YES;
				GCC_C_LANGUAGE_STANDARD = gnu11;
				GCC_DYNAMIC_NO_PIC = NO;
				GCC_NO_COMMON_BLOCKS = YES;
				GCC_OPTIMIZATION_LEVEL = 0;
				GCC_PREPROCESSOR_DEFINITIONS = (
					"DEBUG=1",
					"$(inherited)",
				);
				GCC_WARN_64_TO_32_BIT_CONVERSION = YES;
				GCC_WARN_ABOUT_RETURN_TYPE = YES_ERROR;
				GCC_WARN_UNDECLARED_SELECTOR = YES;
				GCC_WARN_UNINITIALIZED_AUTOS = YES_AGGRESSIVE;
				GCC_WARN_UNUSED_FUNCTION = YES;
				GCC_WARN_UNUSED_VARIABLE = YES;
				IPHONEOS_DEPLOYMENT_TARGET = 11.2;
				MTL_ENABLE_DEBUG_INFO = YES;
				ONLY_ACTIVE_ARCH = YES;
				SDKROOT = iphoneos;
				SWIFT_ACTIVE_COMPILATION_CONDITIONS = DEBUG;
				SWIFT_OPTIMIZATION_LEVEL = "-Onone";
			};
			name = Debug;
		};
		7DD3747C1FE37C2E00E0EC2A /* Release */ = {
			isa = XCBuildConfiguration;
			buildSettings = {
				ALWAYS_SEARCH_USER_PATHS = NO;
				CLANG_ANALYZER_NONNULL = YES;
				CLANG_ANALYZER_NUMBER_OBJECT_CONVERSION = YES_AGGRESSIVE;
				CLANG_CXX_LANGUAGE_STANDARD = "gnu++14";
				CLANG_CXX_LIBRARY = "libc++";
				CLANG_ENABLE_MODULES = YES;
				CLANG_ENABLE_OBJC_ARC = YES;
				CLANG_WARN_BLOCK_CAPTURE_AUTORELEASING = YES;
				CLANG_WARN_BOOL_CONVERSION = YES;
				CLANG_WARN_COMMA = YES;
				CLANG_WARN_CONSTANT_CONVERSION = YES;
				CLANG_WARN_DIRECT_OBJC_ISA_USAGE = YES_ERROR;
				CLANG_WARN_DOCUMENTATION_COMMENTS = YES;
				CLANG_WARN_EMPTY_BODY = YES;
				CLANG_WARN_ENUM_CONVERSION = YES;
				CLANG_WARN_INFINITE_RECURSION = YES;
				CLANG_WARN_INT_CONVERSION = YES;
				CLANG_WARN_NON_LITERAL_NULL_CONVERSION = YES;
				CLANG_WARN_OBJC_LITERAL_CONVERSION = YES;
				CLANG_WARN_OBJC_ROOT_CLASS = YES_ERROR;
				CLANG_WARN_RANGE_LOOP_ANALYSIS = YES;
				CLANG_WARN_STRICT_PROTOTYPES = YES;
				CLANG_WARN_SUSPICIOUS_MOVE = YES;
				CLANG_WARN_UNGUARDED_AVAILABILITY = YES_AGGRESSIVE;
				CLANG_WARN_UNREACHABLE_CODE = YES;
				CLANG_WARN__DUPLICATE_METHOD_MATCH = YES;
				CODE_SIGN_IDENTITY = "iPhone Developer";
				COPY_PHASE_STRIP = NO;
				DEBUG_INFORMATION_FORMAT = "dwarf-with-dsym";
				ENABLE_NS_ASSERTIONS = NO;
				ENABLE_STRICT_OBJC_MSGSEND = YES;
				GCC_C_LANGUAGE_STANDARD = gnu11;
				GCC_NO_COMMON_BLOCKS = YES;
				GCC_WARN_64_TO_32_BIT_CONVERSION = YES;
				GCC_WARN_ABOUT_RETURN_TYPE = YES_ERROR;
				GCC_WARN_UNDECLARED_SELECTOR = YES;
				GCC_WARN_UNINITIALIZED_AUTOS = YES_AGGRESSIVE;
				GCC_WARN_UNUSED_FUNCTION = YES;
				GCC_WARN_UNUSED_VARIABLE = YES;
				IPHONEOS_DEPLOYMENT_TARGET = 11.2;
				MTL_ENABLE_DEBUG_INFO = NO;
				SDKROOT = iphoneos;
				SWIFT_OPTIMIZATION_LEVEL = "-Owholemodule";
				VALIDATE_PRODUCT = YES;
			};
			name = Release;
		};
		7DD3747E1FE37C2E00E0EC2A /* Debug */ = {
			isa = XCBuildConfiguration;
			buildSettings = {
				ASSETCATALOG_COMPILER_APPICON_NAME = AppIcon;
				CODE_SIGN_STYLE = Automatic;
				DEVELOPMENT_TEAM = KCN8UWT8XC;
				INFOPLIST_FILE = CollectionSelected/Info.plist;
				IPHONEOS_DEPLOYMENT_TARGET = 9.0;
				LD_RUNPATH_SEARCH_PATHS = "$(inherited) @executable_path/Frameworks";
				PRODUCT_BUNDLE_IDENTIFIER = ulinix.CollectionSelected;
				PRODUCT_NAME = "$(TARGET_NAME)";
				SWIFT_VERSION = 4.0;
				TARGETED_DEVICE_FAMILY = 1;
			};
			name = Debug;
		};
		7DD3747F1FE37C2E00E0EC2A /* Release */ = {
			isa = XCBuildConfiguration;
			buildSettings = {
				ASSETCATALOG_COMPILER_APPICON_NAME = AppIcon;
				CODE_SIGN_STYLE = Automatic;
				DEVELOPMENT_TEAM = KCN8UWT8XC;
				INFOPLIST_FILE = CollectionSelected/Info.plist;
				IPHONEOS_DEPLOYMENT_TARGET = 9.0;
				LD_RUNPATH_SEARCH_PATHS = "$(inherited) @executable_path/Frameworks";
				PRODUCT_BUNDLE_IDENTIFIER = ulinix.CollectionSelected;
				PRODUCT_NAME = "$(TARGET_NAME)";
				SWIFT_VERSION = 4.0;
				TARGETED_DEVICE_FAMILY = 1;
			};
			name = Release;
		};
/* End XCBuildConfiguration section */

/* Begin XCConfigurationList section */
		7DD374661FE37C2E00E0EC2A /* Build configuration list for PBXProject "CollectionSelected" */ = {
			isa = XCConfigurationList;
			buildConfigurations = (
				7DD3747B1FE37C2E00E0EC2A /* Debug */,
				7DD3747C1FE37C2E00E0EC2A /* Release */,
			);
			defaultConfigurationIsVisible = 0;
			defaultConfigurationName = Release;
		};
		7DD3747D1FE37C2E00E0EC2A /* Build configuration list for PBXNativeTarget "CollectionSelected" */ = {
			isa = XCConfigurationList;
			buildConfigurations = (
				7DD3747E1FE37C2E00E0EC2A /* Debug */,
				7DD3747F1FE37C2E00E0EC2A /* Release */,
			);
			defaultConfigurationIsVisible = 0;
			defaultConfigurationName = Release;
		};
/* End XCConfigurationList section */
	};
	rootObject = 7DD374631FE37C2E00E0EC2A /* Project object */;
}
